// !$*UTF8*$!
{
  "archiveVersion" = "1";
  "classes" = {
  };
  "objectVersion" = "56";
  "objects" = {
    "D33B4BA313789E98E298DF3B" = {
      "isa" = "XCRemoteSwiftPackageReference";
      "repositoryURL" = "https://github.com/supabase/supabase-swift.git";
      "requirement" = {
        "kind" = "exactVersion";
        "version" = "2.33.1";
      };
    };
    "F2F1DDC2C30CD753CD503211" = {
      "isa" = "XCSwiftPackageProductDependency";
      "package" = "D33B4BA313789E98E298DF3B";
      "productName" = "Supabase";
    };
    "2813C5FE7D7CD5012D308F53" = {
      "isa" = "XCRemoteSwiftPackageReference";
      "repositoryURL" = "https://github.com/weichsel/ZIPFoundation.git";
      "requirement" = {
        "kind" = "exactVersion";
        "version" = "0.9.19";
      };
    };
    "7C1C9B2CD857DB2C870B36D7" = {
      "isa" = "XCSwiftPackageProductDependency";
      "package" = "2813C5FE7D7CD5012D308F53";
      "productName" = "ZIPFoundation";
    };
    "E45F754067C4A5CEF7AAB478" = {
      "isa" = "PBXFileReference";
      "lastKnownFileType" = "sourcecode.swift";
      "path" = "App/AppStore.swift";
      "sourceTree" = "<group>";
    };
    "45977D1C323B6EE23ACC21BE" = {
      "isa" = "PBXBuildFile";
      "fileRef" = "E45F754067C4A5CEF7AAB478";
    };
    "45F553CD96C9F29C078CA588" = {
      "isa" = "PBXFileReference";
      "lastKnownFileType" = "sourcecode.swift";
      "path" = "App/CoranNativeApp.swift";
      "sourceTree" = "<group>";
    };
    "B4BA6770B258713605807725" = {
      "isa" = "PBXBuildFile";
      "fileRef" = "45F553CD96C9F29C078CA588";
    };
    "AF85513FEDBCD5148D8D9CB9" = {
      "isa" = "PBXFileReference";
      "lastKnownFileType" = "sourcecode.swift";
      "path" = "Core/AudioRepeat.swift";
      "sourceTree" = "<group>";
    };
    "FA75745F922A4472992B8FC8" = {
      "isa" = "PBXBuildFile";
      "fileRef" = "AF85513FEDBCD5148D8D9CB9";
    };
    "FAD194F6C00381176E5C4832" = {
      "isa" = "PBXFileReference";
      "lastKnownFileType" = "sourcecode.swift";
      "path" = "Core/ConsolidationRecovery.swift";
      "sourceTree" = "<group>";
    };
    "53EBB9E8665875EFEB30965E" = {
      "isa" = "PBXBuildFile";
      "fileRef" = "FAD194F6C00381176E5C4832";
    };
    "CAD0A18AE0E7D52F39007899" = {
      "isa" = "PBXFileReference";
      "lastKnownFileType" = "sourcecode.swift";
      "path" = "Core/ConsolidationValidation.swift";
      "sourceTree" = "<group>";
    };
    "75B24DD1B4BE29609524F6C2" = {
      "isa" = "PBXBuildFile";
      "fileRef" = "CAD0A18AE0E7D52F39007899";
    };
    "573EEB25108E4A9474286335" = {
      "isa" = "PBXFileReference";
      "lastKnownFileType" = "sourcecode.swift";
      "path" = "Core/DifficultyChange.swift";
      "sourceTree" = "<group>";
    };
    "81B2FC2C8B269AB3403DC4D3" = {
      "isa" = "PBXBuildFile";
      "fileRef" = "573EEB25108E4A9474286335";
    };
    "CCFCB4BB9960B23BC40E5C6E" = {
      "isa" = "PBXFileReference";
      "lastKnownFileType" = "sourcecode.swift";
      "path" = "Core/HomeProjection.swift";
      "sourceTree" = "<group>";
    };
    "C6ADF15F57E9614A7561E32B" = {
      "isa" = "PBXBuildFile";
      "fileRef" = "CCFCB4BB9960B23BC40E5C6E";
    };
    "3713B41D120D6746DE94EFE1" = {
      "isa" = "PBXFileReference";
      "lastKnownFileType" = "sourcecode.swift";
      "path" = "Core/JSONValue.swift";
      "sourceTree" = "<group>";
    };
    "D71E8BE42974A4DB53AA2F54" = {
      "isa" = "PBXBuildFile";
      "fileRef" = "3713B41D120D6746DE94EFE1";
    };
    "D6742B90693DD0CC5D7B332F" = {
      "isa" = "PBXFileReference";
      "lastKnownFileType" = "sourcecode.swift";
      "path" = "Core/LearningValidation.swift";
      "sourceTree" = "<group>";
    };
    "D3320FDC96AC2EE2D912C3F2" = {
      "isa" = "PBXBuildFile";
      "fileRef" = "D6742B90693DD0CC5D7B332F";
    };
    "AC9A6748A77904D87DF07960" = {
      "isa" = "PBXFileReference";
      "lastKnownFileType" = "sourcecode.swift";
      "path" = "Core/ProgramEdit.swift";
      "sourceTree" = "<group>";
    };
    "7C8849CB55734BC0BFFDD312" = {
      "isa" = "PBXBuildFile";
      "fileRef" = "AC9A6748A77904D87DF07960";
    };
    "616355DF768E1D173BA52B32" = {
      "isa" = "PBXFileReference";
      "lastKnownFileType" = "sourcecode.swift";
      "path" = "Core/ProgramProjection.swift";
      "sourceTree" = "<group>";
    };
    "88CFF60B38F9B9DEED4B2F8D" = {
      "isa" = "PBXBuildFile";
      "fileRef" = "616355DF768E1D173BA52B32";
    };
    "E7352B05DC71BB473ABCA931" = {
      "isa" = "PBXFileReference";
      "lastKnownFileType" = "sourcecode.swift";
      "path" = "Core/ProgressProjection.swift";
      "sourceTree" = "<group>";
    };
    "B7EB66F3A283696217D1114C" = {
      "isa" = "PBXBuildFile";
      "fileRef" = "E7352B05DC71BB473ABCA931";
    };
    "37610518F0F89F4BF209A8B1" = {
      "isa" = "PBXFileReference";
      "lastKnownFileType" = "sourcecode.swift";
      "path" = "Core/QuranMarginGeometry.swift";
      "sourceTree" = "<group>";
    };
    "9C6D82563217A468C51D2A2B" = {
      "isa" = "PBXBuildFile";
      "fileRef" = "37610518F0F89F4BF209A8B1";
    };
    "B042124EAB2EE3A53BC1005C" = {
      "isa" = "PBXFileReference";
      "lastKnownFileType" = "sourcecode.swift";
      "path" = "Core/ReviewQueueProjection.swift";
      "sourceTree" = "<group>";
    };
    "051EA083E61286DF5C189868" = {
      "isa" = "PBXBuildFile";
      "fileRef" = "B042124EAB2EE3A53BC1005C";
    };
    "3543A6FF18E1D31D9631598F" = {
      "isa" = "PBXFileReference";
      "lastKnownFileType" = "sourcecode.swift";
      "path" = "Core/RevisionSchedule.swift";
      "sourceTree" = "<group>";
    };
    "2AB0690DCAFE74C461258940" = {
      "isa" = "PBXBuildFile";
      "fileRef" = "3543A6FF18E1D31D9631598F";
    };
    "DF6CCED17756D47E15FBD694" = {
      "isa" = "PBXFileReference";
      "lastKnownFileType" = "sourcecode.swift";
      "path" = "Core/RevisionSupplementalValidation.swift";
      "sourceTree" = "<group>";
    };
    "5F49543A01EB5ED3F06A4667" = {
      "isa" = "PBXBuildFile";
      "fileRef" = "DF6CCED17756D47E15FBD694";
    };
    "64549841EE701810CB64C780" = {
      "isa" = "PBXFileReference";
      "lastKnownFileType" = "sourcecode.swift";
      "path" = "Core/RevisionValidation.swift";
      "sourceTree" = "<group>";
    };
    "BCA107C69DC1EABA0701697D" = {
      "isa" = "PBXBuildFile";
      "fileRef" = "64549841EE701810CB64C780";
    };
    "0DF7A03F2721481882D75566" = {
      "isa" = "PBXFileReference";
      "lastKnownFileType" = "sourcecode.swift";
      "path" = "Models/ChatSnapshot.swift";
      "sourceTree" = "<group>";
    };
    "3258A204364EC405A1D7AD3C" = {
      "isa" = "PBXBuildFile";
      "fileRef" = "0DF7A03F2721481882D75566";
    };
    "CF165E88E8B315A5D567D9C2" = {
      "isa" = "PBXFileReference";
      "lastKnownFileType" = "sourcecode.swift";
      "path" = "Models/FriendsSnapshot.swift";
      "sourceTree" = "<group>";
    };
    "E36954D832DB64B2A27FA37F" = {
      "isa" = "PBXBuildFile";
      "fileRef" = "CF165E88E8B315A5D567D9C2";
    };
    "2AEFFD6646251D2D510FA466" = {
      "isa" = "PBXFileReference";
      "lastKnownFileType" = "sourcecode.swift";
      "path" = "Models/HomeSnapshot.swift";
      "sourceTree" = "<group>";
    };
    "E128E4B74F1F3C2DAC1531B1" = {
      "isa" = "PBXBuildFile";
      "fileRef" = "2AEFFD6646251D2D510FA466";
    };
    "FF880D5D7805701FECBBB29B" = {
      "isa" = "PBXFileReference";
      "lastKnownFileType" = "sourcecode.swift";
      "path" = "Models/QuizCache.swift";
      "sourceTree" = "<group>";
    };
    "A9F26AF63D87A74154FEFFCE" = {
      "isa" = "PBXBuildFile";
      "fileRef" = "FF880D5D7805701FECBBB29B";
    };
    "8CBF3B2E78E95E41F2245780" = {
      "isa" = "PBXFileReference";
      "lastKnownFileType" = "sourcecode.swift";
      "path" = "Models/QuizChallengeProjection.swift";
      "sourceTree" = "<group>";
    };
    "22A20E8F50A841AF12872718" = {
      "isa" = "PBXBuildFile";
      "fileRef" = "8CBF3B2E78E95E41F2245780";
    };
    "90B301E6412A60F4C6344086" = {
      "isa" = "PBXFileReference";
      "lastKnownFileType" = "sourcecode.swift";
      "path" = "Models/QuranSource.swift";
      "sourceTree" = "<group>";
    };
    "28AE94672F94D221D749BC25" = {
      "isa" = "PBXBuildFile";
      "fileRef" = "90B301E6412A60F4C6344086";
    };
    "A50F98D483C9E9962948FDD1" = {
      "isa" = "PBXFileReference";
      "lastKnownFileType" = "sourcecode.swift";
      "path" = "Models/ReaderOperation.swift";
      "sourceTree" = "<group>";
    };
    "4FA6B70C0A5E3D7ADA6E1290" = {
      "isa" = "PBXBuildFile";
      "fileRef" = "A50F98D483C9E9962948FDD1";
    };
    "59B22BA16D62B81EA15A681B" = {
      "isa" = "PBXFileReference";
      "lastKnownFileType" = "sourcecode.swift";
      "path" = "Models/Recitation.swift";
      "sourceTree" = "<group>";
    };
    "DE9FA576598CDE1DE907E3F6" = {
      "isa" = "PBXBuildFile";
      "fileRef" = "59B22BA16D62B81EA15A681B";
    };
    "9AD5C4A078AEDE8D3C1C1010" = {
      "isa" = "PBXFileReference";
      "lastKnownFileType" = "sourcecode.swift";
      "path" = "Features/Auth/AuthView.swift";
      "sourceTree" = "<group>";
    };
    "459DECD69E51F6D0D70CCFE4" = {
      "isa" = "PBXBuildFile";
      "fileRef" = "9AD5C4A078AEDE8D3C1C1010";
    };
    "795C3A033945065EAD0708F8" = {
      "isa" = "PBXFileReference";
      "lastKnownFileType" = "sourcecode.swift";
      "path" = "Features/Friends/ConversationView.swift";
      "sourceTree" = "<group>";
    };
    "24555B4CDFF911FA519ABE10" = {
      "isa" = "PBXBuildFile";
      "fileRef" = "795C3A033945065EAD0708F8";
    };
    "73E024CFE22643CAC456D6EE" = {
      "isa" = "PBXFileReference";
      "lastKnownFileType" = "sourcecode.swift";
      "path" = "Features/Friends/FriendDetailView.swift";
      "sourceTree" = "<group>";
    };
    "726F83670412736B63111065" = {
      "isa" = "PBXBuildFile";
      "fileRef" = "73E024CFE22643CAC456D6EE";
    };
    "BF10392D599037F30A31600C" = {
      "isa" = "PBXFileReference";
      "lastKnownFileType" = "sourcecode.swift";
      "path" = "Features/Friends/FriendsView.swift";
      "sourceTree" = "<group>";
    };
    "850CBD8D0902830546074320" = {
      "isa" = "PBXBuildFile";
      "fileRef" = "BF10392D599037F30A31600C";
    };
    "7EC6716A9B9B4F4A5C9F8823" = {
      "isa" = "PBXFileReference";
      "lastKnownFileType" = "sourcecode.swift";
      "path" = "Features/Home/HomeView.swift";
      "sourceTree" = "<group>";
    };
    "ED516CE2FE773EA1758789F9" = {
      "isa" = "PBXBuildFile";
      "fileRef" = "7EC6716A9B9B4F4A5C9F8823";
    };
    "B558C4E7071547BB7D99F77A" = {
      "isa" = "PBXFileReference";
      "lastKnownFileType" = "sourcecode.swift";
      "path" = "Features/Navigation/RootView.swift";
      "sourceTree" = "<group>";
    };
    "B74B5490B01A51254D74289F" = {
      "isa" = "PBXBuildFile";
      "fileRef" = "B558C4E7071547BB7D99F77A";
    };
    "F1FD46E3248EFBD014D6FE3B" = {
      "isa" = "PBXFileReference";
      "lastKnownFileType" = "sourcecode.swift";
      "path" = "Features/Program/ProgramView.swift";
      "sourceTree" = "<group>";
    };
    "2CA33F5BA3387A665E4BF098" = {
      "isa" = "PBXBuildFile";
      "fileRef" = "F1FD46E3248EFBD014D6FE3B";
    };
    "A76F45E5B18034D57F6DBFD3" = {
      "isa" = "PBXFileReference";
      "lastKnownFileType" = "sourcecode.swift";
      "path" = "Features/Progress/NativeProgressView.swift";
      "sourceTree" = "<group>";
    };
    "54DF2A0B9899858CAB0B9FB8" = {
      "isa" = "PBXBuildFile";
      "fileRef" = "A76F45E5B18034D57F6DBFD3";
    };
    "E538C6D9C4476955389646C5" = {
      "isa" = "PBXFileReference";
      "lastKnownFileType" = "sourcecode.swift";
      "path" = "Features/Quiz/QuizAdminView.swift";
      "sourceTree" = "<group>";
    };
    "721076F6AA2ABB53C7845586" = {
      "isa" = "PBXBuildFile";
      "fileRef" = "E538C6D9C4476955389646C5";
    };
    "97C83E3EA094A2641858171F" = {
      "isa" = "PBXFileReference";
      "lastKnownFileType" = "sourcecode.swift";
      "path" = "Features/Quiz/QuizChallengesView.swift";
      "sourceTree" = "<group>";
    };
    "A20C79C2D4115C00F84FC22C" = {
      "isa" = "PBXBuildFile";
      "fileRef" = "97C83E3EA094A2641858171F";
    };
    "D0774DE8B907B1A07D5AA20F" = {
      "isa" = "PBXFileReference";
      "lastKnownFileType" = "sourcecode.swift";
      "path" = "Features/Quiz/QuizView.swift";
      "sourceTree" = "<group>";
    };
    "34B4CAB1BB1B010EFC162A9B" = {
      "isa" = "PBXBuildFile";
      "fileRef" = "D0774DE8B907B1A07D5AA20F";
    };
    "E690FEEAA40B6D1015F45161" = {
      "isa" = "PBXFileReference";
      "lastKnownFileType" = "sourcecode.swift";
      "path" = "Features/Quran/DifficultVersesView.swift";
      "sourceTree" = "<group>";
    };
    "44B390415EB46A9C94184A51" = {
      "isa" = "PBXBuildFile";
      "fileRef" = "E690FEEAA40B6D1015F45161";
    };
    "F738A6F185A971160273BAC0" = {
      "isa" = "PBXFileReference";
      "lastKnownFileType" = "sourcecode.swift";
      "path" = "Features/Quran/LearningValidationView.swift";
      "sourceTree" = "<group>";
    };
    "52FBA2615D1C7DB93502ECBD" = {
      "isa" = "PBXBuildFile";
      "fileRef" = "F738A6F185A971160273BAC0";
    };
    "923703903C67037C8E9D7A7E" = {
      "isa" = "PBXFileReference";
      "lastKnownFileType" = "sourcecode.swift";
      "path" = "Features/Quran/QuranIndexView.swift";
      "sourceTree" = "<group>";
    };
    "9196CC9AD5B4F5E0B329E662" = {
      "isa" = "PBXBuildFile";
      "fileRef" = "923703903C67037C8E9D7A7E";
    };
    "8E8AA1E443344BF8E9C5EB56" = {
      "isa" = "PBXFileReference";
      "lastKnownFileType" = "sourcecode.swift";
      "path" = "Features/Quran/QuranPager.swift";
      "sourceTree" = "<group>";
    };
    "B6A86E360B2FE3EF70CFE99F" = {
      "isa" = "PBXBuildFile";
      "fileRef" = "8E8AA1E443344BF8E9C5EB56";
    };
    "3C7C921387AC27AC9ECFAC1C" = {
      "isa" = "PBXFileReference";
      "lastKnownFileType" = "sourcecode.swift";
      "path" = "Features/Quran/QuranReaderView.swift";
      "sourceTree" = "<group>";
    };
    "C5321DDBBDE8F31E4C557D1F" = {
      "isa" = "PBXBuildFile";
      "fileRef" = "3C7C921387AC27AC9ECFAC1C";
    };
    "E9AC48910A3BE46FD2FA0CF2" = {
      "isa" = "PBXFileReference";
      "lastKnownFileType" = "sourcecode.swift";
      "path" = "Features/Quran/RecitationsView.swift";
      "sourceTree" = "<group>";
    };
    "B8DE102106773DF78C0FF3BB" = {
      "isa" = "PBXBuildFile";
      "fileRef" = "E9AC48910A3BE46FD2FA0CF2";
    };
    "A5BD3D7335E462067003C3AA" = {
      "isa" = "PBXFileReference";
      "lastKnownFileType" = "sourcecode.swift";
      "path" = "Features/Quran/RevisionValidationView.swift";
      "sourceTree" = "<group>";
    };
    "020A60B074EE8E02DF8CCC07" = {
      "isa" = "PBXBuildFile";
      "fileRef" = "A5BD3D7335E462067003C3AA";
    };
    "7C169F0F091A5DAB450A7527" = {
      "isa" = "PBXFileReference";
      "lastKnownFileType" = "sourcecode.swift";
      "path" = "Features/Quran/VoiceRecorderView.swift";
      "sourceTree" = "<group>";
    };
    "566592184C533FEA8380BBF1" = {
      "isa" = "PBXBuildFile";
      "fileRef" = "7C169F0F091A5DAB450A7527";
    };
    "FC8129349C75A5521C1083D0" = {
      "isa" = "PBXFileReference";
      "lastKnownFileType" = "sourcecode.swift";
      "path" = "Features/Settings/ProgramEditorView.swift";
      "sourceTree" = "<group>";
    };
    "A2846BACB83B0073FFD3B525" = {
      "isa" = "PBXBuildFile";
      "fileRef" = "FC8129349C75A5521C1083D0";
    };
    "D0A6730C9DE88BE81E6F4BD3" = {
      "isa" = "PBXFileReference";
      "lastKnownFileType" = "sourcecode.swift";
      "path" = "Features/Settings/RevisionSettingsView.swift";
      "sourceTree" = "<group>";
    };
    "71F36710D630D48328359019" = {
      "isa" = "PBXBuildFile";
      "fileRef" = "D0A6730C9DE88BE81E6F4BD3";
    };
    "E55C131DF5E1B0E376687C66" = {
      "isa" = "PBXFileReference";
      "lastKnownFileType" = "sourcecode.swift";
      "path" = "Features/Settings/SettingsView.swift";
      "sourceTree" = "<group>";
    };
    "86079261F887D89661A1864C" = {
      "isa" = "PBXBuildFile";
      "fileRef" = "E55C131DF5E1B0E376687C66";
    };
    "8505DB0EBC5E4C638D87630D" = {
      "isa" = "PBXFileReference";
      "lastKnownFileType" = "sourcecode.swift";
      "path" = "Components/AppCard.swift";
      "sourceTree" = "<group>";
    };
    "6ECB280D56708EB8A95BFF51" = {
      "isa" = "PBXBuildFile";
      "fileRef" = "8505DB0EBC5E4C638D87630D";
    };
    "CA23CFFB7D3F9598CCAB5069" = {
      "isa" = "PBXFileReference";
      "lastKnownFileType" = "sourcecode.swift";
      "path" = "Components/AudioRepeatSheet.swift";
      "sourceTree" = "<group>";
    };
    "27759D79300F83C9BCBF368A" = {
      "isa" = "PBXBuildFile";
      "fileRef" = "CA23CFFB7D3F9598CCAB5069";
    };
    "6B9F1E20AA72984226DDEB6F" = {
      "isa" = "PBXFileReference";
      "lastKnownFileType" = "sourcecode.swift";
      "path" = "Components/QuranAudioOverlay.swift";
      "sourceTree" = "<group>";
    };
    "4F04A179CC50463DF4FF6D55" = {
      "isa" = "PBXBuildFile";
      "fileRef" = "6B9F1E20AA72984226DDEB6F";
    };
    "EE38A18A219349564E250B26" = {
      "isa" = "PBXFileReference";
      "lastKnownFileType" = "sourcecode.swift";
      "path" = "Components/QuranMarginOverlay.swift";
      "sourceTree" = "<group>";
    };
    "9FF22BE918930DCFCFDF112B" = {
      "isa" = "PBXBuildFile";
      "fileRef" = "EE38A18A219349564E250B26";
    };
    "0EA3E4DC0C7CC33613997AB8" = {
      "isa" = "PBXFileReference";
      "lastKnownFileType" = "sourcecode.swift";
      "path" = "Components/QuranMiniPlayer.swift";
      "sourceTree" = "<group>";
    };
    "3594E4C68D28BD281E052DDA" = {
      "isa" = "PBXBuildFile";
      "fileRef" = "0EA3E4DC0C7CC33613997AB8";
    };
    "025EF99B4F7AD2E5D7432F23" = {
      "isa" = "PBXFileReference";
      "lastKnownFileType" = "sourcecode.swift";
      "path" = "Components/QuranSessionHeader.swift";
      "sourceTree" = "<group>";
    };
    "505A64F89FBBBB0EDFBF49AC" = {
      "isa" = "PBXBuildFile";
      "fileRef" = "025EF99B4F7AD2E5D7432F23";
    };
    "0D964969F2C976C4F40C7D03" = {
      "isa" = "PBXFileReference";
      "lastKnownFileType" = "sourcecode.swift";
      "path" = "Components/ThemeManager.swift";
      "sourceTree" = "<group>";
    };
    "BC384D9D5FD342CCBC5DC027" = {
      "isa" = "PBXBuildFile";
      "fileRef" = "0D964969F2C976C4F40C7D03";
    };
    "1F0F0781F5F529BBE69D972A" = {
      "isa" = "PBXFileReference";
      "lastKnownFileType" = "sourcecode.swift";
      "path" = "Services/AuthService.swift";
      "sourceTree" = "<group>";
    };
    "323592A224772C8BB860381C" = {
      "isa" = "PBXBuildFile";
      "fileRef" = "1F0F0781F5F529BBE69D972A";
    };
    "A8FF27BFCAAAF9315C85EC2C" = {
      "isa" = "PBXFileReference";
      "lastKnownFileType" = "sourcecode.swift";
      "path" = "Services/ConnectivityService.swift";
      "sourceTree" = "<group>";
    };
    "7ACED2E6FAD6D585343925E6" = {
      "isa" = "PBXBuildFile";
      "fileRef" = "A8FF27BFCAAAF9315C85EC2C";
    };
    "F619D387411B1CA2787C2A28" = {
      "isa" = "PBXFileReference";
      "lastKnownFileType" = "sourcecode.swift";
      "path" = "Services/ConversationLibrary.swift";
      "sourceTree" = "<group>";
    };
    "5EA8747ACFADEBE40961D83C" = {
      "isa" = "PBXBuildFile";
      "fileRef" = "F619D387411B1CA2787C2A28";
    };
    "D6B81A516F8C86F8A1EC3FE7" = {
      "isa" = "PBXFileReference";
      "lastKnownFileType" = "sourcecode.swift";
      "path" = "Services/FriendsLibrary.swift";
      "sourceTree" = "<group>";
    };
    "8053F1A53ED301AFFDE6C208" = {
      "isa" = "PBXBuildFile";
      "fileRef" = "D6B81A516F8C86F8A1EC3FE7";
    };
    "7CF707E5DF16CC7F243EDA22" = {
      "isa" = "PBXFileReference";
      "lastKnownFileType" = "sourcecode.swift";
      "path" = "Services/HapticService.swift";
      "sourceTree" = "<group>";
    };
    "D18348907CA99C857D28CC85" = {
      "isa" = "PBXBuildFile";
      "fileRef" = "7CF707E5DF16CC7F243EDA22";
    };
    "3C438F0F291FFA49554CAB5B" = {
      "isa" = "PBXFileReference";
      "lastKnownFileType" = "sourcecode.swift";
      "path" = "Services/QuizLibrary.swift";
      "sourceTree" = "<group>";
    };
    "C07180F470570053BD826555" = {
      "isa" = "PBXBuildFile";
      "fileRef" = "3C438F0F291FFA49554CAB5B";
    };
    "3624054695E049A602CAE3B4" = {
      "isa" = "PBXFileReference";
      "lastKnownFileType" = "sourcecode.swift";
      "path" = "Services/QuranAudioCache.swift";
      "sourceTree" = "<group>";
    };
    "50B2EBB2E49CE3FD7B5A9953" = {
      "isa" = "PBXBuildFile";
      "fileRef" = "3624054695E049A602CAE3B4";
    };
    "50D059105802F21C6F7966EF" = {
      "isa" = "PBXFileReference";
      "lastKnownFileType" = "sourcecode.swift";
      "path" = "Services/QuranAudioService.swift";
      "sourceTree" = "<group>";
    };
    "4B995CF41A9E43735E26316F" = {
      "isa" = "PBXBuildFile";
      "fileRef" = "50D059105802F21C6F7966EF";
    };
    "B25393F7F7EB1DD900C589D0" = {
      "isa" = "PBXFileReference";
      "lastKnownFileType" = "sourcecode.swift";
      "path" = "Services/QuranAudioTimeline.swift";
      "sourceTree" = "<group>";
    };
    "2FEB5A1D4C2957B60F78399A" = {
      "isa" = "PBXBuildFile";
      "fileRef" = "B25393F7F7EB1DD900C589D0";
    };
    "5DA471D5602E4EE087A811ED" = {
      "isa" = "PBXFileReference";
      "lastKnownFileType" = "sourcecode.swift";
      "path" = "Services/QuranPageCache.swift";
      "sourceTree" = "<group>";
    };
    "EA2D9FB943D979C6AC5C0DEB" = {
      "isa" = "PBXBuildFile";
      "fileRef" = "5DA471D5602E4EE087A811ED";
    };
    "1DB6A81DC5ABCBC78543B0FE" = {
      "isa" = "PBXFileReference";
      "lastKnownFileType" = "sourcecode.swift";
      "path" = "Services/QuranResourceService.swift";
      "sourceTree" = "<group>";
    };
    "FC37695313C6C11037B7164F" = {
      "isa" = "PBXBuildFile";
      "fileRef" = "1DB6A81DC5ABCBC78543B0FE";
    };
    "E4A3A924DEDFF8DD1D7FEAFF" = {
      "isa" = "PBXFileReference";
      "lastKnownFileType" = "sourcecode.swift";
      "path" = "Services/RecitationLibrary.swift";
      "sourceTree" = "<group>";
    };
    "D6703FD0CC2FE5F856AF85B8" = {
      "isa" = "PBXBuildFile";
      "fileRef" = "E4A3A924DEDFF8DD1D7FEAFF";
    };
    "E230518B373B972D5445B4C0" = {
      "isa" = "PBXFileReference";
      "lastKnownFileType" = "sourcecode.swift";
      "path" = "Services/RecitationPlaybackService.swift";
      "sourceTree" = "<group>";
    };
    "9ABF2F85675F8CCF85CBBE18" = {
      "isa" = "PBXBuildFile";
      "fileRef" = "E230518B373B972D5445B4C0";
    };
    "A51FF176B58B0230D1BC896D" = {
      "isa" = "PBXFileReference";
      "lastKnownFileType" = "sourcecode.swift";
      "path" = "Services/VoiceRecorderService.swift";
      "sourceTree" = "<group>";
    };
    "D9FCFF2B24348B3FD53C5EA7" = {
      "isa" = "PBXBuildFile";
      "fileRef" = "A51FF176B58B0230D1BC896D";
    };
    "AA9C62F1D27E94BF5267B017" = {
      "isa" = "PBXFileReference";
      "lastKnownFileType" = "sourcecode.swift";
      "path" = "Repositories/ChatRepository.swift";
      "sourceTree" = "<group>";
    };
    "4DC80E197634DA908858F15B" = {
      "isa" = "PBXBuildFile";
      "fileRef" = "AA9C62F1D27E94BF5267B017";
    };
    "AD7570C057F0DAF6623E03DF" = {
      "isa" = "PBXFileReference";
      "lastKnownFileType" = "sourcecode.swift";
      "path" = "Repositories/HomeRepository.swift";
      "sourceTree" = "<group>";
    };
    "CFFB6171FE604DB4C9A935D3" = {
      "isa" = "PBXBuildFile";
      "fileRef" = "AD7570C057F0DAF6623E03DF";
    };
    "2EA07D66E1A64B715F73D595" = {
      "isa" = "PBXFileReference";
      "lastKnownFileType" = "sourcecode.swift";
      "path" = "Repositories/QuizRepository.swift";
      "sourceTree" = "<group>";
    };
    "1ACAE4B4F85189E23F9EAE0E" = {
      "isa" = "PBXBuildFile";
      "fileRef" = "2EA07D66E1A64B715F73D595";
    };
    "2FB7AB3E001427439A464069" = {
      "isa" = "PBXFileReference";
      "lastKnownFileType" = "sourcecode.swift";
      "path" = "Repositories/RecitationRepository.swift";
      "sourceTree" = "<group>";
    };
    "79FE05C42558C5FDC14AA5DF" = {
      "isa" = "PBXBuildFile";
      "fileRef" = "2FB7AB3E001427439A464069";
    };
    "2FD9496F2627FAB35A0E6013" = {
      "isa" = "PBXFileReference";
      "lastKnownFileType" = "sourcecode.swift";
      "path" = "Networking/SupabaseService.swift";
      "sourceTree" = "<group>";
    };
    "17441080A5C36530DD500C91" = {
      "isa" = "PBXBuildFile";
      "fileRef" = "2FD9496F2627FAB35A0E6013";
    };
    "97B82D0D3EF9E1865F4C3D28" = {
      "isa" = "PBXFileReference";
      "lastKnownFileType" = "sourcecode.swift";
      "path" = "Storage/KeychainVault.swift";
      "sourceTree" = "<group>";
    };
    "E25BF139F42ECFF776B4D8A3" = {
      "isa" = "PBXBuildFile";
      "fileRef" = "97B82D0D3EF9E1865F4C3D28";
    };
    "1A9A0C35B3C74817CA354661" = {
      "isa" = "PBXFileReference";
      "lastKnownFileType" = "sourcecode.swift";
      "path" = "Storage/LocalStorageService.swift";
      "sourceTree" = "<group>";
    };
    "296203C48F160CB6BFA7C5F6" = {
      "isa" = "PBXBuildFile";
      "fileRef" = "1A9A0C35B3C74817CA354661";
    };
    "6D65FA27CEDC2273966FC318" = {
      "isa" = "PBXFileReference";
      "lastKnownFileType" = "sourcecode.swift";
      "path" = "Storage/RecitationStorage.swift";
      "sourceTree" = "<group>";
    };
    "F48B2F72B43B9DABB5C2D2AA" = {
      "isa" = "PBXBuildFile";
      "fileRef" = "6D65FA27CEDC2273966FC318";
    };
    "F39036D076C302AF588DE5B3" = {
      "isa" = "PBXSourcesBuildPhase";
      "buildActionMask" = "2147483647";
      "files" = ("45977D1C323B6EE23ACC21BE","B4BA6770B258713605807725","FA75745F922A4472992B8FC8","53EBB9E8665875EFEB30965E","75B24DD1B4BE29609524F6C2","81B2FC2C8B269AB3403DC4D3","C6ADF15F57E9614A7561E32B","D71E8BE42974A4DB53AA2F54","D3320FDC96AC2EE2D912C3F2","7C8849CB55734BC0BFFDD312","88CFF60B38F9B9DEED4B2F8D","B7EB66F3A283696217D1114C","9C6D82563217A468C51D2A2B","051EA083E61286DF5C189868","2AB0690DCAFE74C461258940","5F49543A01EB5ED3F06A4667","BCA107C69DC1EABA0701697D","3258A204364EC405A1D7AD3C","E36954D832DB64B2A27FA37F","E128E4B74F1F3C2DAC1531B1","A9F26AF63D87A74154FEFFCE","22A20E8F50A841AF12872718","28AE94672F94D221D749BC25","4FA6B70C0A5E3D7ADA6E1290","DE9FA576598CDE1DE907E3F6","459DECD69E51F6D0D70CCFE4","24555B4CDFF911FA519ABE10","726F83670412736B63111065","850CBD8D0902830546074320","ED516CE2FE773EA1758789F9","B74B5490B01A51254D74289F","2CA33F5BA3387A665E4BF098","54DF2A0B9899858CAB0B9FB8","721076F6AA2ABB53C7845586","A20C79C2D4115C00F84FC22C","34B4CAB1BB1B010EFC162A9B","44B390415EB46A9C94184A51","52FBA2615D1C7DB93502ECBD","9196CC9AD5B4F5E0B329E662","B6A86E360B2FE3EF70CFE99F","C5321DDBBDE8F31E4C557D1F","B8DE102106773DF78C0FF3BB","020A60B074EE8E02DF8CCC07","566592184C533FEA8380BBF1","A2846BACB83B0073FFD3B525","71F36710D630D48328359019","86079261F887D89661A1864C","6ECB280D56708EB8A95BFF51","27759D79300F83C9BCBF368A","4F04A179CC50463DF4FF6D55","9FF22BE918930DCFCFDF112B","3594E4C68D28BD281E052DDA","505A64F89FBBBB0EDFBF49AC","BC384D9D5FD342CCBC5DC027","323592A224772C8BB860381C","7ACED2E6FAD6D585343925E6","5EA8747ACFADEBE40961D83C","8053F1A53ED301AFFDE6C208","D18348907CA99C857D28CC85","C07180F470570053BD826555","50B2EBB2E49CE3FD7B5A9953","4B995CF41A9E43735E26316F","2FEB5A1D4C2957B60F78399A","EA2D9FB943D979C6AC5C0DEB","FC37695313C6C11037B7164F","D6703FD0CC2FE5F856AF85B8","9ABF2F85675F8CCF85CBBE18","D9FCFF2B24348B3FD53C5EA7","4DC80E197634DA908858F15B","CFFB6171FE604DB4C9A935D3","1ACAE4B4F85189E23F9EAE0E","79FE05C42558C5FDC14AA5DF","17441080A5C36530DD500C91","E25BF139F42ECFF776B4D8A3","296203C48F160CB6BFA7C5F6","F48B2F72B43B9DABB5C2D2AA");
      "runOnlyForDeploymentPostprocessing" = "0";
    };
    "DD6AECD4333B64163125AFC4" = {
      "isa" = "PBXBuildFile";
      "productRef" = "F2F1DDC2C30CD753CD503211";
    };
    "A9229800BC9B0F49AEDBA59A" = {
      "isa" = "PBXBuildFile";
      "productRef" = "7C1C9B2CD857DB2C870B36D7";
    };
    "E0E27618A2D2A8FEBDD49F35" = {
      "isa" = "PBXFileReference";
      "lastKnownFileType" = "folder.assetcatalog";
      "path" = "Resources/Assets.xcassets";
      "sourceTree" = "<group>";
    };
    "627BBC9C62B0C159B656E415" = {
      "isa" = "PBXBuildFile";
      "fileRef" = "E0E27618A2D2A8FEBDD49F35";
    };
    "05FAC2031F1A7E7742E7C28B" = {
      "isa" = "PBXFileReference";
      "lastKnownFileType" = "text.json";
      "path" = "Resources/quran-meta.json";
      "sourceTree" = "<group>";
    };
    "3FBB4C8A0393A80DCE4264D0" = {
      "isa" = "PBXBuildFile";
      "fileRef" = "05FAC2031F1A7E7742E7C28B";
    };
    "10A455B322C65217A11832AB" = {
      "isa" = "PBXFileReference";
      "lastKnownFileType" = "text.json";
      "path" = "Resources/quran-pages.json";
      "sourceTree" = "<group>";
    };
    "4248DF06629016E6CE00889E" = {
      "isa" = "PBXBuildFile";
      "fileRef" = "10A455B322C65217A11832AB";
    };
    "0D0213B6BEF42CFA2C549F71" = {
      "isa" = "PBXFileReference";
      "lastKnownFileType" = "text.json";
      "path" = "Resources/medina-bounds.json";
      "sourceTree" = "<group>";
    };
    "9BDDEFB3F648B0AFDD68E968" = {
      "isa" = "PBXBuildFile";
      "fileRef" = "0D0213B6BEF42CFA2C549F71";
    };
    "C32C88A9C8F3C13FA8A75918" = {
      "isa" = "PBXFileReference";
      "lastKnownFileType" = "text.json";
      "path" = "Resources/quran-weights.json";
      "sourceTree" = "<group>";
    };
    "32262859D72C879DAFBAAF79" = {
      "isa" = "PBXBuildFile";
      "fileRef" = "C32C88A9C8F3C13FA8A75918";
    };
    "6B3B58B47C096E69C6E3D9F1" = {
      "isa" = "PBXFileReference";
      "lastKnownFileType" = "text.plist.xml";
      "path" = "Resources/Backend.plist";
      "sourceTree" = "<group>";
    };
    "0AF37BF67D590EF0B576F273" = {
      "isa" = "PBXBuildFile";
      "fileRef" = "6B3B58B47C096E69C6E3D9F1";
    };
    "BB837CA73EAB764773C35734" = {
      "isa" = "PBXFileReference";
      "lastKnownFileType" = "folder";
      "path" = "Resources/Medina";
      "sourceTree" = "<group>";
    };
    "A882431E234CC7C05815F334" = {
      "isa" = "PBXBuildFile";
      "fileRef" = "BB837CA73EAB764773C35734";
    };
    "12144A28E443E5A70801FCA4" = {
      "isa" = "PBXFileReference";
      "lastKnownFileType" = "text.json";
      "path" = "Resources/coran_1441-markers.json";
      "sourceTree" = "<group>";
    };
    "B4F1CCE2436A62F4C47BB471" = {
      "isa" = "PBXBuildFile";
      "fileRef" = "12144A28E443E5A70801FCA4";
    };
    "CF72345CDC92928AC982BDA6" = {
      "isa" = "PBXFileReference";
      "lastKnownFileType" = "text.json";
      "path" = "Resources/coran_1441-bounds.json";
      "sourceTree" = "<group>";
    };
    "6EDBCF1BE348B553F4C45E78" = {
      "isa" = "PBXBuildFile";
      "fileRef" = "CF72345CDC92928AC982BDA6";
    };
    "4B312CF992E801B3BA751DBF" = {
      "isa" = "PBXFrameworksBuildPhase";
      "buildActionMask" = "2147483647";
      "files" = ("DD6AECD4333B64163125AFC4","A9229800BC9B0F49AEDBA59A");
      "runOnlyForDeploymentPostprocessing" = "0";
    };
    "FC4BFB8107627A6DA5A678B9" = {
      "isa" = "PBXResourcesBuildPhase";
      "buildActionMask" = "2147483647";
      "files" = ("627BBC9C62B0C159B656E415","3FBB4C8A0393A80DCE4264D0","4248DF06629016E6CE00889E","9BDDEFB3F648B0AFDD68E968","32262859D72C879DAFBAAF79","0AF37BF67D590EF0B576F273","A882431E234CC7C05815F334","B4F1CCE2436A62F4C47BB471","6EDBCF1BE348B553F4C45E78");
      "runOnlyForDeploymentPostprocessing" = "0";
    };
    "0B98684AFDABDA22BB7AE627" = {
      "isa" = "PBXShellScriptBuildPhase";
      "buildActionMask" = "2147483647";
      "files" = ();
      "inputPaths" = ();
      "outputPaths" = ();
      "runOnlyForDeploymentPostprocessing" = "0";
      "shellPath" = "/bin/sh";
      "shellScript" = "if [ -f \"$SRCROOT/Resources/Backend.local.plist\" ]; then\n  cp \"$SRCROOT/Resources/Backend.local.plist\" \"$TARGET_BUILD_DIR/$UNLOCALIZED_RESOURCES_FOLDER_PATH/Backend.local.plist\"\nfi\nif [ \"$CONFIGURATION\" = \"Debug\" ] && [ -d \"$SRCROOT/Resources/ReaderTestFixtures\" ]; then\n  cp -R \"$SRCROOT/Resources/ReaderTestFixtures\" \"$TARGET_BUILD_DIR/$UNLOCALIZED_RESOURCES_FOLDER_PATH/ReaderTestFixtures\"\nfi\n";
      "name" = "Inject local backend configuration and Debug fixtures";
      "alwaysOutOfDate" = "1";
    };
    "27764913715F6180C345D402" = {
      "isa" = "XCBuildConfiguration";
      "name" = "Debug";
      "buildSettings" = {
        "PRODUCT_NAME" = "CoranNative";
        "PRODUCT_BUNDLE_IDENTIFIER" = "com.coranmemoire.native.ios";
        "SWIFT_VERSION" = "5.0";
        "IPHONEOS_DEPLOYMENT_TARGET" = "17.0";
        "TARGETED_DEVICE_FAMILY" = "1";
        "CODE_SIGN_STYLE" = "Automatic";
        "GENERATE_INFOPLIST_FILE" = "YES";
        "SWIFT_OPTIMIZATION_LEVEL" = "-Onone";
        "SWIFT_ACTIVE_COMPILATION_CONDITIONS" = "DEBUG";
        "ENABLE_TESTABILITY" = "YES";
        "ONLY_ACTIVE_ARCH" = "YES";
        "INFOPLIST_FILE" = "Config/Info.plist";
        "MARKETING_VERSION" = "0.1.0";
        "CURRENT_PROJECT_VERSION" = "1";
        "ENABLE_USER_SCRIPT_SANDBOXING" = "NO";
        "LD_RUNPATH_SEARCH_PATHS" = ("$(inherited)","@executable_path/Frameworks");
      };
    };
    "D3F75FBDDBD761DFC0786B9B" = {
      "isa" = "XCBuildConfiguration";
      "name" = "Release";
      "buildSettings" = {
        "PRODUCT_NAME" = "CoranNative";
        "PRODUCT_BUNDLE_IDENTIFIER" = "com.coranmemoire.native.ios";
        "SWIFT_VERSION" = "5.0";
        "IPHONEOS_DEPLOYMENT_TARGET" = "17.0";
        "TARGETED_DEVICE_FAMILY" = "1";
        "CODE_SIGN_STYLE" = "Automatic";
        "GENERATE_INFOPLIST_FILE" = "YES";
        "SWIFT_OPTIMIZATION_LEVEL" = "-O";
        "SWIFT_ACTIVE_COMPILATION_CONDITIONS" = "";
        "ENABLE_TESTABILITY" = "NO";
        "ONLY_ACTIVE_ARCH" = "NO";
        "INFOPLIST_FILE" = "Config/Info.plist";
        "MARKETING_VERSION" = "0.1.0";
        "CURRENT_PROJECT_VERSION" = "1";
        "ENABLE_USER_SCRIPT_SANDBOXING" = "NO";
        "LD_RUNPATH_SEARCH_PATHS" = ("$(inherited)","@executable_path/Frameworks");
      };
    };
    "5C2D357C777AE338B638AB9F" = {
      "isa" = "XCConfigurationList";
      "buildConfigurations" = ("27764913715F6180C345D402","D3F75FBDDBD761DFC0786B9B");
      "defaultConfigurationIsVisible" = "0";
      "defaultConfigurationName" = "Release";
    };
    "120D3DB839282FE02B763297" = {
      "isa" = "PBXFileReference";
      "explicitFileType" = "wrapper.application";
      "includeInIndex" = "0";
      "path" = "CoranNative.app";
      "sourceTree" = "BUILT_PRODUCTS_DIR";
    };
    "41E299D132D1222348BBD01E" = {
      "isa" = "PBXNativeTarget";
      "buildConfigurationList" = "5C2D357C777AE338B638AB9F";
      "buildPhases" = ("F39036D076C302AF588DE5B3","4B312CF992E801B3BA751DBF","FC4BFB8107627A6DA5A678B9","0B98684AFDABDA22BB7AE627");
      "buildRules" = ();
      "dependencies" = ();
      "name" = "CoranNative";
      "productName" = "CoranNative";
      "productReference" = "120D3DB839282FE02B763297";
      "productType" = "com.apple.product-type.application";
      "packageProductDependencies" = ("F2F1DDC2C30CD753CD503211","7C1C9B2CD857DB2C870B36D7");
    };
    "DAF23F36564465C139AABFC8" = {
      "isa" = "PBXFileReference";
      "lastKnownFileType" = "sourcecode.swift";
      "path" = "Tests/AudioRepeatTests.swift";
      "sourceTree" = "<group>";
    };
    "7AFC93D9BCE762B0C452B845" = {
      "isa" = "PBXBuildFile";
      "fileRef" = "DAF23F36564465C139AABFC8";
    };
    "C98BDFE53740C15BA087AE6F" = {
      "isa" = "PBXFileReference";
      "lastKnownFileType" = "sourcecode.swift";
      "path" = "Tests/ChatTests.swift";
      "sourceTree" = "<group>";
    };
    "2E78904B91B8F1EC30085112" = {
      "isa" = "PBXBuildFile";
      "fileRef" = "C98BDFE53740C15BA087AE6F";
    };
    "3AEF98EBA0A3C0568A2977C8" = {
      "isa" = "PBXFileReference";
      "lastKnownFileType" = "sourcecode.swift";
      "path" = "Tests/ConsolidationRecoveryTests.swift";
      "sourceTree" = "<group>";
    };
    "F113325BDD791FFE9405B167" = {
      "isa" = "PBXBuildFile";
      "fileRef" = "3AEF98EBA0A3C0568A2977C8";
    };
    "C3F9A19CCF3F80A4CC088B4B" = {
      "isa" = "PBXFileReference";
      "lastKnownFileType" = "sourcecode.swift";
      "path" = "Tests/ConsolidationValidationTests.swift";
      "sourceTree" = "<group>";
    };
    "9A285B086C0A91EF18C27516" = {
      "isa" = "PBXBuildFile";
      "fileRef" = "C3F9A19CCF3F80A4CC088B4B";
    };
    "A54D5A47C86221483D2E1E28" = {
      "isa" = "PBXFileReference";
      "lastKnownFileType" = "sourcecode.swift";
      "path" = "Tests/DifficultyChangeTests.swift";
      "sourceTree" = "<group>";
    };
    "22D04E27964819FA24DA5E39" = {
      "isa" = "PBXBuildFile";
      "fileRef" = "A54D5A47C86221483D2E1E28";
    };
    "5923A87F95CBF984CE379A2D" = {
      "isa" = "PBXFileReference";
      "lastKnownFileType" = "sourcecode.swift";
      "path" = "Tests/FriendsTests.swift";
      "sourceTree" = "<group>";
    };
    "6BC4DCD233381B4CDDB82C89" = {
      "isa" = "PBXBuildFile";
      "fileRef" = "5923A87F95CBF984CE379A2D";
    };
    "BBB817FA131AEA3388D45EB1" = {
      "isa" = "PBXFileReference";
      "lastKnownFileType" = "sourcecode.swift";
      "path" = "Tests/LearningValidationTests.swift";
      "sourceTree" = "<group>";
    };
    "FB035CF358FE7E9AA0B0000F" = {
      "isa" = "PBXBuildFile";
      "fileRef" = "BBB817FA131AEA3388D45EB1";
    };
    "654CFE89DFA228253924BCC7" = {
      "isa" = "PBXFileReference";
      "lastKnownFileType" = "sourcecode.swift";
      "path" = "Tests/PhaseOneTests.swift";
      "sourceTree" = "<group>";
    };
    "14F669369B7C5134153879FD" = {
      "isa" = "PBXBuildFile";
      "fileRef" = "654CFE89DFA228253924BCC7";
    };
    "AB6AFDC6B881E5C6FC2B1662" = {
      "isa" = "PBXFileReference";
      "lastKnownFileType" = "sourcecode.swift";
      "path" = "Tests/ProgramEditTests.swift";
      "sourceTree" = "<group>";
    };
    "04A3575A40ADFCF58361E3E8" = {
      "isa" = "PBXBuildFile";
      "fileRef" = "AB6AFDC6B881E5C6FC2B1662";
    };
    "A69B7786433A34738CEE562A" = {
      "isa" = "PBXFileReference";
      "lastKnownFileType" = "sourcecode.swift";
      "path" = "Tests/ProgramProjectionTests.swift";
      "sourceTree" = "<group>";
    };
    "A99DD91A5F2DAB7537EC81FB" = {
      "isa" = "PBXBuildFile";
      "fileRef" = "A69B7786433A34738CEE562A";
    };
    "688EF4AC697D58F4A34777DC" = {
      "isa" = "PBXFileReference";
      "lastKnownFileType" = "sourcecode.swift";
      "path" = "Tests/ProgressTests.swift";
      "sourceTree" = "<group>";
    };
    "DA4ED5A441B0310FAC960FB1" = {
      "isa" = "PBXBuildFile";
      "fileRef" = "688EF4AC697D58F4A34777DC";
    };
    "1048AED3136E8C91E417DDF4" = {
      "isa" = "PBXFileReference";
      "lastKnownFileType" = "sourcecode.swift";
      "path" = "Tests/QuizTests.swift";
      "sourceTree" = "<group>";
    };
    "A73311A3A29A6A1BFE7BAB83" = {
      "isa" = "PBXBuildFile";
      "fileRef" = "1048AED3136E8C91E417DDF4";
    };
    "A80C69F925BDD4C668011624" = {
      "isa" = "PBXFileReference";
      "lastKnownFileType" = "sourcecode.swift";
      "path" = "Tests/QuranAudioOverlayTests.swift";
      "sourceTree" = "<group>";
    };
    "D69DE28FD94CBBEFCB34FB33" = {
      "isa" = "PBXBuildFile";
      "fileRef" = "A80C69F925BDD4C668011624";
    };
    "2014C5B58DB7F82C3D361521" = {
      "isa" = "PBXFileReference";
      "lastKnownFileType" = "sourcecode.swift";
      "path" = "Tests/QuranAudioTests.swift";
      "sourceTree" = "<group>";
    };
    "B603F99C79697EBA3A03E481" = {
      "isa" = "PBXBuildFile";
      "fileRef" = "2014C5B58DB7F82C3D361521";
    };
    "66AA5A4AC5418B68F154A188" = {
      "isa" = "PBXFileReference";
      "lastKnownFileType" = "sourcecode.swift";
      "path" = "Tests/QuranIndexTests.swift";
      "sourceTree" = "<group>";
    };
    "BA253CA46F1AF16642DEF8FA" = {
      "isa" = "PBXBuildFile";
      "fileRef" = "66AA5A4AC5418B68F154A188";
    };
    "0DE9E8E1066EB57BE7F01FB1" = {
      "isa" = "PBXFileReference";
      "lastKnownFileType" = "sourcecode.swift";
      "path" = "Tests/QuranMarginTests.swift";
      "sourceTree" = "<group>";
    };
    "942E6A92DF3206A04FF483C4" = {
      "isa" = "PBXBuildFile";
      "fileRef" = "0DE9E8E1066EB57BE7F01FB1";
    };
    "0E9D812DE5941E5F8164A45F" = {
      "isa" = "PBXFileReference";
      "lastKnownFileType" = "sourcecode.swift";
      "path" = "Tests/QuranPagerTests.swift";
      "sourceTree" = "<group>";
    };
    "C84355D10964737BE5CBB4DC" = {
      "isa" = "PBXBuildFile";
      "fileRef" = "0E9D812DE5941E5F8164A45F";
    };
    "93B5C6C873DC42144BBBD82F" = {
      "isa" = "PBXFileReference";
      "lastKnownFileType" = "sourcecode.swift";
      "path" = "Tests/ReaderTests.swift";
      "sourceTree" = "<group>";
    };
    "AD01DB99E5A0568C2EF310EB" = {
      "isa" = "PBXBuildFile";
      "fileRef" = "93B5C6C873DC42144BBBD82F";
    };
    "3853A90B889C93439D93F762" = {
      "isa" = "PBXFileReference";
      "lastKnownFileType" = "sourcecode.swift";
      "path" = "Tests/RecitationTests.swift";
      "sourceTree" = "<group>";
    };
    "95B86DB421DA3B4BA3371F29" = {
      "isa" = "PBXBuildFile";
      "fileRef" = "3853A90B889C93439D93F762";
    };
    "A378945FE7C224356857597B" = {
      "isa" = "PBXFileReference";
      "lastKnownFileType" = "sourcecode.swift";
      "path" = "Tests/ReviewQueueTests.swift";
      "sourceTree" = "<group>";
    };
    "8E7A423B0B5F8692AADDD373" = {
      "isa" = "PBXBuildFile";
      "fileRef" = "A378945FE7C224356857597B";
    };
    "8D7A84D71328C91C26225C1C" = {
      "isa" = "PBXFileReference";
      "lastKnownFileType" = "sourcecode.swift";
      "path" = "Tests/RevisionScheduleTests.swift";
      "sourceTree" = "<group>";
    };
    "9DCB98B99D04CA01BF7B2940" = {
      "isa" = "PBXBuildFile";
      "fileRef" = "8D7A84D71328C91C26225C1C";
    };
    "0CB3772E9ACAB95791AA09D2" = {
      "isa" = "PBXFileReference";
      "lastKnownFileType" = "sourcecode.swift";
      "path" = "Tests/RevisionValidationTests.swift";
      "sourceTree" = "<group>";
    };
    "14AA9F9121BA5894FAFF4596" = {
      "isa" = "PBXBuildFile";
      "fileRef" = "0CB3772E9ACAB95791AA09D2";
    };
    "A4E2CFF932EEECED1C57F453" = {
      "isa" = "PBXSourcesBuildPhase";
      "buildActionMask" = "2147483647";
      "files" = ("7AFC93D9BCE762B0C452B845","2E78904B91B8F1EC30085112","F113325BDD791FFE9405B167","9A285B086C0A91EF18C27516","22D04E27964819FA24DA5E39","6BC4DCD233381B4CDDB82C89","FB035CF358FE7E9AA0B0000F","14F669369B7C5134153879FD","04A3575A40ADFCF58361E3E8","A99DD91A5F2DAB7537EC81FB","DA4ED5A441B0310FAC960FB1","A73311A3A29A6A1BFE7BAB83","D69DE28FD94CBBEFCB34FB33","B603F99C79697EBA3A03E481","BA253CA46F1AF16642DEF8FA","942E6A92DF3206A04FF483C4","C84355D10964737BE5CBB4DC","AD01DB99E5A0568C2EF310EB","95B86DB421DA3B4BA3371F29","8E7A423B0B5F8692AADDD373","9DCB98B99D04CA01BF7B2940","14AA9F9121BA5894FAFF4596");
      "runOnlyForDeploymentPostprocessing" = "0";
    };
    "5D872C511636BB7E9F668EA1" = {
      "isa" = "PBXContainerItemProxy";
      "containerPortal" = "98F54143AB4E86B28C3AFEE0";
      "proxyType" = "1";
      "remoteGlobalIDString" = "41E299D132D1222348BBD01E";
      "remoteInfo" = "CoranNative";
    };
    "C28A84EBCE35417E7670D097" = {
      "isa" = "PBXTargetDependency";
      "target" = "41E299D132D1222348BBD01E";
      "targetProxy" = "5D872C511636BB7E9F668EA1";
    };
    "D24D46FBA0A2EF1970B4E6AC" = {
      "isa" = "PBXFrameworksBuildPhase";
      "buildActionMask" = "2147483647";
      "files" = ();
      "runOnlyForDeploymentPostprocessing" = "0";
    };
    "F08DEFC136C60592E38B4277" = {
      "isa" = "PBXResourcesBuildPhase";
      "buildActionMask" = "2147483647";
      "files" = ();
      "runOnlyForDeploymentPostprocessing" = "0";
    };
    "9FF3ECCD54FF5FC53D855FA4" = {
      "isa" = "XCBuildConfiguration";
      "name" = "Debug";
      "buildSettings" = {
        "PRODUCT_NAME" = "CoranNativeTests";
        "PRODUCT_BUNDLE_IDENTIFIER" = "com.coranmemoire.native.CoranNativeTests";
        "SWIFT_VERSION" = "5.0";
        "IPHONEOS_DEPLOYMENT_TARGET" = "17.0";
        "TARGETED_DEVICE_FAMILY" = "1";
        "CODE_SIGN_STYLE" = "Automatic";
        "GENERATE_INFOPLIST_FILE" = "YES";
        "SWIFT_OPTIMIZATION_LEVEL" = "-Onone";
        "SWIFT_ACTIVE_COMPILATION_CONDITIONS" = "DEBUG";
        "ENABLE_TESTABILITY" = "YES";
        "ONLY_ACTIVE_ARCH" = "YES";
        "TEST_HOST" = "$(BUILT_PRODUCTS_DIR)/CoranNative.app/CoranNative";
        "BUNDLE_LOADER" = "$(TEST_HOST)";
      };
    };
    "5FB05FC0426F74A47C3F939B" = {
      "isa" = "XCBuildConfiguration";
      "name" = "Release";
      "buildSettings" = {
        "PRODUCT_NAME" = "CoranNativeTests";
        "PRODUCT_BUNDLE_IDENTIFIER" = "com.coranmemoire.native.CoranNativeTests";
        "SWIFT_VERSION" = "5.0";
        "IPHONEOS_DEPLOYMENT_TARGET" = "17.0";
        "TARGETED_DEVICE_FAMILY" = "1";
        "CODE_SIGN_STYLE" = "Automatic";
        "GENERATE_INFOPLIST_FILE" = "YES";
        "SWIFT_OPTIMIZATION_LEVEL" = "-O";
        "SWIFT_ACTIVE_COMPILATION_CONDITIONS" = "";
        "ENABLE_TESTABILITY" = "NO";
        "ONLY_ACTIVE_ARCH" = "NO";
        "TEST_HOST" = "$(BUILT_PRODUCTS_DIR)/CoranNative.app/CoranNative";
        "BUNDLE_LOADER" = "$(TEST_HOST)";
      };
    };
    "8839665EE2A0767815A1CA03" = {
      "isa" = "XCConfigurationList";
      "buildConfigurations" = ("9FF3ECCD54FF5FC53D855FA4","5FB05FC0426F74A47C3F939B");
      "defaultConfigurationIsVisible" = "0";
      "defaultConfigurationName" = "Release";
    };
    "8008A528ACEB10205BD2D21E" = {
      "isa" = "PBXFileReference";
      "explicitFileType" = "wrapper.cfbundle";
      "includeInIndex" = "0";
      "path" = "CoranNativeTests.xctest";
      "sourceTree" = "BUILT_PRODUCTS_DIR";
    };
    "F4789ED4EE7E0648038D76BA" = {
      "isa" = "PBXNativeTarget";
      "buildConfigurationList" = "8839665EE2A0767815A1CA03";
      "buildPhases" = ("A4E2CFF932EEECED1C57F453","D24D46FBA0A2EF1970B4E6AC","F08DEFC136C60592E38B4277");
      "buildRules" = ();
      "dependencies" = ("C28A84EBCE35417E7670D097");
      "name" = "CoranNativeTests";
      "productName" = "CoranNativeTests";
      "productReference" = "8008A528ACEB10205BD2D21E";
      "productType" = "com.apple.product-type.bundle.unit-test";
      "packageProductDependencies" = ();
    };
    "31C4E294654515DDD80765D3" = {
      "isa" = "PBXFileReference";
      "lastKnownFileType" = "sourcecode.swift";
      "path" = "UITests/PhaseOneUITests.swift";
      "sourceTree" = "<group>";
    };
    "C9D65F865B792CD0B4A1441A" = {
      "isa" = "PBXBuildFile";
      "fileRef" = "31C4E294654515DDD80765D3";
    };
    "58319A1FDF8035D324251071" = {
      "isa" = "PBXFileReference";
      "lastKnownFileType" = "sourcecode.swift";
      "path" = "UITests/ReaderUITests.swift";
      "sourceTree" = "<group>";
    };
    "2AEB16DB15F05E0C44A25F42" = {
      "isa" = "PBXBuildFile";
      "fileRef" = "58319A1FDF8035D324251071";
    };
    "0C138B7031B61700D1A231DC" = {
      "isa" = "PBXSourcesBuildPhase";
      "buildActionMask" = "2147483647";
      "files" = ("C9D65F865B792CD0B4A1441A","2AEB16DB15F05E0C44A25F42");
      "runOnlyForDeploymentPostprocessing" = "0";
    };
    "5A7CFC7BF52BDF2A90AD760E" = {
      "isa" = "PBXContainerItemProxy";
      "containerPortal" = "98F54143AB4E86B28C3AFEE0";
      "proxyType" = "1";
      "remoteGlobalIDString" = "41E299D132D1222348BBD01E";
      "remoteInfo" = "CoranNative";
    };
    "D8580FE9CC9AA1E0C95854E6" = {
      "isa" = "PBXTargetDependency";
      "target" = "41E299D132D1222348BBD01E";
      "targetProxy" = "5A7CFC7BF52BDF2A90AD760E";
    };
    "C3ED72BD4CBFFE03982B3DCF" = {
      "isa" = "PBXFrameworksBuildPhase";
      "buildActionMask" = "2147483647";
      "files" = ();
      "runOnlyForDeploymentPostprocessing" = "0";
    };
    "F13EFE3253932BEEB0C3ED2F" = {
      "isa" = "PBXResourcesBuildPhase";
      "buildActionMask" = "2147483647";
      "files" = ();
      "runOnlyForDeploymentPostprocessing" = "0";
    };
    "F9A1CF3A06232912AC10B8B3" = {
      "isa" = "XCBuildConfiguration";
      "name" = "Debug";
      "buildSettings" = {
        "PRODUCT_NAME" = "CoranNativeUITests";
        "PRODUCT_BUNDLE_IDENTIFIER" = "com.coranmemoire.native.CoranNativeUITests";
        "SWIFT_VERSION" = "5.0";
        "IPHONEOS_DEPLOYMENT_TARGET" = "17.0";
        "TARGETED_DEVICE_FAMILY" = "1";
        "CODE_SIGN_STYLE" = "Automatic";
        "GENERATE_INFOPLIST_FILE" = "YES";
        "SWIFT_OPTIMIZATION_LEVEL" = "-Onone";
        "SWIFT_ACTIVE_COMPILATION_CONDITIONS" = "DEBUG";
        "ENABLE_TESTABILITY" = "YES";
        "ONLY_ACTIVE_ARCH" = "YES";
        "TEST_TARGET_NAME" = "CoranNative";
      };
    };
    "B2E548C97573CEAC27959A12" = {
      "isa" = "XCBuildConfiguration";
      "name" = "Release";
      "buildSettings" = {
        "PRODUCT_NAME" = "CoranNativeUITests";
        "PRODUCT_BUNDLE_IDENTIFIER" = "com.coranmemoire.native.CoranNativeUITests";
        "SWIFT_VERSION" = "5.0";
        "IPHONEOS_DEPLOYMENT_TARGET" = "17.0";
        "TARGETED_DEVICE_FAMILY" = "1";
        "CODE_SIGN_STYLE" = "Automatic";
        "GENERATE_INFOPLIST_FILE" = "YES";
        "SWIFT_OPTIMIZATION_LEVEL" = "-O";
        "SWIFT_ACTIVE_COMPILATION_CONDITIONS" = "";
        "ENABLE_TESTABILITY" = "NO";
        "ONLY_ACTIVE_ARCH" = "NO";
        "TEST_TARGET_NAME" = "CoranNative";
      };
    };
    "FAAEB06DA70C6F91677EAADD" = {
      "isa" = "XCConfigurationList";
      "buildConfigurations" = ("F9A1CF3A06232912AC10B8B3","B2E548C97573CEAC27959A12");
      "defaultConfigurationIsVisible" = "0";
      "defaultConfigurationName" = "Release";
    };
    "B235F696F5C8D865EEBC9F76" = {
      "isa" = "PBXFileReference";
      "explicitFileType" = "wrapper.cfbundle";
      "includeInIndex" = "0";
      "path" = "CoranNativeUITests.xctest";
      "sourceTree" = "BUILT_PRODUCTS_DIR";
    };
    "BD1674C00A5D989935059D49" = {
      "isa" = "PBXNativeTarget";
      "buildConfigurationList" = "FAAEB06DA70C6F91677EAADD";
      "buildPhases" = ("0C138B7031B61700D1A231DC","C3ED72BD4CBFFE03982B3DCF","F13EFE3253932BEEB0C3ED2F");
      "buildRules" = ();
      "dependencies" = ("D8580FE9CC9AA1E0C95854E6");
      "name" = "CoranNativeUITests";
      "productName" = "CoranNativeUITests";
      "productReference" = "B235F696F5C8D865EEBC9F76";
      "productType" = "com.apple.product-type.bundle.ui-testing";
      "packageProductDependencies" = ();
    };
    "FE0A091FDBFB3E9C31B7A1BD" = {
      "isa" = "PBXGroup";
      "children" = ("120D3DB839282FE02B763297","8008A528ACEB10205BD2D21E","B235F696F5C8D865EEBC9F76");
      "name" = "Products";
      "sourceTree" = "<group>";
    };
    "325F10A6957A34D66CB8C0E4" = {
      "isa" = "PBXGroup";
      "children" = ("E45F754067C4A5CEF7AAB478","45F553CD96C9F29C078CA588","AF85513FEDBCD5148D8D9CB9","FAD194F6C00381176E5C4832","CAD0A18AE0E7D52F39007899","573EEB25108E4A9474286335","CCFCB4BB9960B23BC40E5C6E","3713B41D120D6746DE94EFE1","D6742B90693DD0CC5D7B332F","AC9A6748A77904D87DF07960","616355DF768E1D173BA52B32","E7352B05DC71BB473ABCA931","37610518F0F89F4BF209A8B1","B042124EAB2EE3A53BC1005C","3543A6FF18E1D31D9631598F","DF6CCED17756D47E15FBD694","64549841EE701810CB64C780","0DF7A03F2721481882D75566","CF165E88E8B315A5D567D9C2","2AEFFD6646251D2D510FA466","FF880D5D7805701FECBBB29B","8CBF3B2E78E95E41F2245780","90B301E6412A60F4C6344086","A50F98D483C9E9962948FDD1","59B22BA16D62B81EA15A681B","9AD5C4A078AEDE8D3C1C1010","795C3A033945065EAD0708F8","73E024CFE22643CAC456D6EE","BF10392D599037F30A31600C","7EC6716A9B9B4F4A5C9F8823","B558C4E7071547BB7D99F77A","F1FD46E3248EFBD014D6FE3B","A76F45E5B18034D57F6DBFD3","E538C6D9C4476955389646C5","97C83E3EA094A2641858171F","D0774DE8B907B1A07D5AA20F","E690FEEAA40B6D1015F45161","F738A6F185A971160273BAC0","923703903C67037C8E9D7A7E","8E8AA1E443344BF8E9C5EB56","3C7C921387AC27AC9ECFAC1C","E9AC48910A3BE46FD2FA0CF2","A5BD3D7335E462067003C3AA","7C169F0F091A5DAB450A7527","FC8129349C75A5521C1083D0","D0A6730C9DE88BE81E6F4BD3","E55C131DF5E1B0E376687C66","8505DB0EBC5E4C638D87630D","CA23CFFB7D3F9598CCAB5069","6B9F1E20AA72984226DDEB6F","EE38A18A219349564E250B26","0EA3E4DC0C7CC33613997AB8","025EF99B4F7AD2E5D7432F23","0D964969F2C976C4F40C7D03","1F0F0781F5F529BBE69D972A","A8FF27BFCAAAF9315C85EC2C","F619D387411B1CA2787C2A28","D6B81A516F8C86F8A1EC3FE7","7CF707E5DF16CC7F243EDA22","3C438F0F291FFA49554CAB5B","3624054695E049A602CAE3B4","50D059105802F21C6F7966EF","B25393F7F7EB1DD900C589D0","5DA471D5602E4EE087A811ED","1DB6A81DC5ABCBC78543B0FE","E4A3A924DEDFF8DD1D7FEAFF","E230518B373B972D5445B4C0","A51FF176B58B0230D1BC896D","AA9C62F1D27E94BF5267B017","AD7570C057F0DAF6623E03DF","2EA07D66E1A64B715F73D595","2FB7AB3E001427439A464069","2FD9496F2627FAB35A0E6013","97B82D0D3EF9E1865F4C3D28","1A9A0C35B3C74817CA354661","6D65FA27CEDC2273966FC318","E0E27618A2D2A8FEBDD49F35","05FAC2031F1A7E7742E7C28B","10A455B322C65217A11832AB","0D0213B6BEF42CFA2C549F71","C32C88A9C8F3C13FA8A75918","6B3B58B47C096E69C6E3D9F1","BB837CA73EAB764773C35734","12144A28E443E5A70801FCA4","CF72345CDC92928AC982BDA6","DAF23F36564465C139AABFC8","C98BDFE53740C15BA087AE6F","3AEF98EBA0A3C0568A2977C8","C3F9A19CCF3F80A4CC088B4B","A54D5A47C86221483D2E1E28","5923A87F95CBF984CE379A2D","BBB817FA131AEA3388D45EB1","654CFE89DFA228253924BCC7","AB6AFDC6B881E5C6FC2B1662","A69B7786433A34738CEE562A","688EF4AC697D58F4A34777DC","1048AED3136E8C91E417DDF4","A80C69F925BDD4C668011624","2014C5B58DB7F82C3D361521","66AA5A4AC5418B68F154A188","0DE9E8E1066EB57BE7F01FB1","0E9D812DE5941E5F8164A45F","93B5C6C873DC42144BBBD82F","3853A90B889C93439D93F762","A378945FE7C224356857597B","8D7A84D71328C91C26225C1C","0CB3772E9ACAB95791AA09D2","31C4E294654515DDD80765D3","58319A1FDF8035D324251071","FE0A091FDBFB3E9C31B7A1BD");
      "sourceTree" = "<group>";
    };
    "1C6332C759B35B5B3487F3CD" = {
      "isa" = "XCBuildConfiguration";
      "name" = "Debug";
      "buildSettings" = {
        "SDKROOT" = "iphoneos";
        "CLANG_ENABLE_MODULES" = "YES";
        "CLANG_ENABLE_OBJC_ARC" = "YES";
        "SWIFT_VERSION" = "5.0";
        "IPHONEOS_DEPLOYMENT_TARGET" = "17.0";
        "DEBUG_INFORMATION_FORMAT" = "dwarf";
      };
    };
    "8B7212A5EF49F64ACD4F072A" = {
      "isa" = "XCBuildConfiguration";
      "name" = "Release";
      "buildSettings" = {
        "SDKROOT" = "iphoneos";
        "CLANG_ENABLE_MODULES" = "YES";
        "CLANG_ENABLE_OBJC_ARC" = "YES";
        "SWIFT_VERSION" = "5.0";
        "IPHONEOS_DEPLOYMENT_TARGET" = "17.0";
        "DEBUG_INFORMATION_FORMAT" = "dwarf-with-dsym";
      };
    };
    "862894B703A6DEDF96A9DD6C" = {
      "isa" = "XCConfigurationList";
      "buildConfigurations" = ("1C6332C759B35B5B3487F3CD","8B7212A5EF49F64ACD4F072A");
      "defaultConfigurationIsVisible" = "0";
      "defaultConfigurationName" = "Release";
    };
    "98F54143AB4E86B28C3AFEE0" = {
      "isa" = "PBXProject";
      "attributes" = {
        "BuildIndependentTargetsInParallel" = "YES";
        "LastUpgradeCheck" = "1600";
      };
      "buildConfigurationList" = "862894B703A6DEDF96A9DD6C";
      "compatibilityVersion" = "Xcode 14.0";
      "developmentRegion" = "fr";
      "hasScannedForEncodings" = "0";
      "knownRegions" = ("fr","en","Base");
      "mainGroup" = "325F10A6957A34D66CB8C0E4";
      "productRefGroup" = "FE0A091FDBFB3E9C31B7A1BD";
      "projectDirPath" = "";
      "projectRoot" = "";
      "targets" = ("41E299D132D1222348BBD01E","F4789ED4EE7E0648038D76BA","BD1674C00A5D989935059D49");
      "packageReferences" = ("D33B4BA313789E98E298DF3B","2813C5FE7D7CD5012D308F53");
    };
  };
  "rootObject" = "98F54143AB4E86B28C3AFEE0";
}
